// !$*UTF8*$!
{
	archiveVersion = 1;
	classes = {
	};
	objectVersion = 55;
	objects = {

/* Begin PBXBuildFile section */
		FC1BBF0D28A9432400A0FB3F /* NetworkServiceSwiftUIApp.swift in Sources */ = {isa = PBXBuildFile; fileRef = FC1BBF0C28A9432400A0FB3F /* NetworkServiceSwiftUIApp.swift */; };
		FC1BBF0F28A9432400A0FB3F /* ContentView.swift in Sources */ = {isa = PBXBuildFile; fileRef = FC1BBF0E28A9432400A0FB3F /* ContentView.swift */; };
		FC1BBF1128A9432C00A0FB3F /* Assets.xcassets in Resources */ = {isa = PBXBuildFile; fileRef = FC1BBF1028A9432C00A0FB3F /* Assets.xcassets */; };
		FC1BBF1428A9432C00A0FB3F /* Preview Assets.xcassets in Resources */ = {isa = PBXBuildFile; fileRef = FC1BBF1328A9432C00A0FB3F /* Preview Assets.xcassets */; };
		FC1BBF1E28A9437200A0FB3F /* Webservice.swift in Sources */ = {isa = PBXBuildFile; fileRef = FC1BBF1D28A9437200A0FB3F /* Webservice.swift */; };
		FC1BBF2028A9443600A0FB3F /* UserModel.swift in Sources */ = {isa = PBXBuildFile; fileRef = FC1BBF1F28A9443600A0FB3F /* UserModel.swift */; };
		FC1BBF2228A9447400A0FB3F /* UserViewModel.swift in Sources */ = {isa = PBXBuildFile; fileRef = FC1BBF2128A9447400A0FB3F /* UserViewModel.swift */; };
		FC1BBF2528A9475800A0FB3F /* Constants.swift in Sources */ = {isa = PBXBuildFile; fileRef = FC1BBF2428A9475800A0FB3F /* Constants.swift */; };
/* End PBXBuildFile section */

/* Begin PBXFileReference section */
		FC1BBF0928A9432400A0FB3F /* NetworkServiceSwiftUI.app */ = {isa = PBXFileReference; explicitFileType = wrapper.application; includeInIndex = 0; path = NetworkServiceSwiftUI.app; sourceTree = BUILT_PRODUCTS_DIR; };
		FC1BBF0C28A9432400A0FB3F /* NetworkServiceSwiftUIApp.swift */ = {isa = PBXFileReference; lastKnownFileType = sourcecode.swift; path = NetworkServiceSwiftUIApp.swift; sourceTree = "<group>"; };
		FC1BBF0E28A9432400A0FB3F /* ContentView.swift */ = {isa = PBXFileReference; lastKnownFileType = sourcecode.swift; path = ContentView.swift; sourceTree = "<group>"; };
		FC1BBF1028A9432C00A0FB3F /* Assets.xcassets */ = {isa = PBXFileReference; lastKnownFileType = folder.assetcatalog; path = Assets.xcassets; sourceTree = "<group>"; };
		FC1BBF1328A9432C00A0FB3F /* Preview Assets.xcassets */ = {isa = PBXFileReference; lastKnownFileType = folder.assetcatalog; path = "Preview Assets.xcassets"; sourceTree = "<group>"; };
		FC1BBF1D28A9437200A0FB3F /* Webservice.swift */ = {isa = PBXFileReference; lastKnownFileType = sourcecode.swift; path = Webservice.swift; sourceTree = "<group>"; };
		FC1BBF1F28A9443600A0FB3F /* UserModel.swift */ = {isa = PBXFileReference; lastKnownFileType = sourcecode.swift; path = UserModel.swift; sourceTree = "<group>"; };
		FC1BBF2128A9447400A0FB3F /* UserViewModel.swift */ = {isa = PBXFileReference; lastKnownFileType = sourcecode.swift; path = UserViewModel.swift; sourceTree = "<group>"; };
		FC1BBF2428A9475800A0FB3F /* Constants.swift */ = {isa = PBXFileReference; lastKnownFileType = sourcecode.swift; path = Constants.swift; sourceTree = "<group>"; };
/* End PBXFileReference section */

/* Begin PBXFrameworksBuildPhase section */
		FC1BBF0628A9432400A0FB3F /* Frameworks */ = {
			isa = PBXFrameworksBuildPhase;
			buildActionMask = 2147483647;
			files = (
			);
			runOnlyForDeploymentPostprocessing = 0;
		};
/* End PBXFrameworksBuildPhase section */

/* Begin PBXGroup section */
		FC1BBF0028A9432400A0FB3F = {
			isa = PBXGroup;
			children = (
				FC1BBF0B28A9432400A0FB3F /* NetworkServiceSwiftUI */,
				FC1BBF0A28A9432400A0FB3F /* Products */,
			);
			sourceTree = "<group>";
		};
		FC1BBF0A28A9432400A0FB3F /* Products */ = {
			isa = PBXGroup;
			children = (
				FC1BBF0928A9432400A0FB3F /* NetworkServiceSwiftUI.app */,
			);
			name = Products;
			sourceTree = "<group>";
		};
		FC1BBF0B28A9432400A0FB3F /* NetworkServiceSwiftUI */ = {
			isa = PBXGroup;
			children = (
				FC1BBF2328A9474D00A0FB3F /* Constants */,
				FC1BBF1C28A9435F00A0FB3F /* ViewModel */,
				FC1BBF1B28A9435700A0FB3F /* Model */,
				FC1BBF1A28A9434A00A0FB3F /* Service */,
				FC1BBF0C28A9432400A0FB3F /* NetworkServiceSwiftUIApp.swift */,
				FC1BBF0E28A9432400A0FB3F /* ContentView.swift */,
				FC1BBF1028A9432C00A0FB3F /* Assets.xcassets */,
				FC1BBF1228A9432C00A0FB3F /* Preview Content */,
			);
			path = NetworkServiceSwiftUI;
			sourceTree = "<group>";
		};
		FC1BBF1228A9432C00A0FB3F /* Preview Content */ = {
			isa = PBXGroup;
			children = (
				FC1BBF1328A9432C00A0FB3F /* Preview Assets.xcassets */,
			);
			path = "Preview Content";
			sourceTree = "<group>";
		};
		FC1BBF1A28A9434A00A0FB3F /* Service */ = {
			isa = PBXGroup;
			children = (
				FC1BBF1D28A9437200A0FB3F /* Webservice.swift */,
			);
			path = Service;
			sourceTree = "<group>";
		};
		FC1BBF1B28A9435700A0FB3F /* Model */ = {
			isa = PBXGroup;
			children = (
				FC1BBF1F28A9443600A0FB3F /* UserModel.swift */,
			);
			path = Model;
			sourceTree = "<group>";
		};
		FC1BBF1C28A9435F00A0FB3F /* ViewModel */ = {
			isa = PBXGroup;
			children = (
				FC1BBF2128A9447400A0FB3F /* UserViewModel.swift */,
			);
			path = ViewModel;
			sourceTree = "<group>";
		};
		FC1BBF2328A9474D00A0FB3F /* Constants */ = {
			isa = PBXGroup;
			children = (
				FC1BBF2428A9475800A0FB3F /* Constants.swift */,
			);
			path = Constants;
			sourceTree = "<group>";
		};
/* End PBXGroup section */

/* Begin PBXNativeTarget section */
		FC1BBF0828A9432400A0FB3F /* NetworkServiceSwiftUI */ = {
			isa = PBXNativeTarget;
			buildConfigurationList = FC1BBF1728A9432C00A0FB3F /* Build configuration list for PBXNativeTarget "NetworkServiceSwiftUI" */;
			buildPhases = (
				FC1BBF0528A9432400A0FB3F /* Sources */,
				FC1BBF0628A9432400A0FB3F /* Frameworks */,
				FC1BBF0728A9432400A0FB3F /* Resources */,
			);
			buildRules = (
			);
			dependencies = (
			);
			name = NetworkServiceSwiftUI;
			productName = NetworkServiceSwiftUI;
			productReference = FC1BBF0928A9432400A0FB3F /* NetworkServiceSwiftUI.app */;
			productType = "com.apple.product-type.application";
		};
/* End PBXNativeTarget section */

/* Begin PBXProject section */
		FC1BBF0128A9432400A0FB3F /* Project object */ = {
			isa = PBXProject;
			attributes = {
				BuildIndependentTargetsInParallel = 1;
				LastSwiftUpdateCheck = 1340;
				LastUpgradeCheck = 1340;
				TargetAttributes = {
					FC1BBF0828A9432400A0FB3F = {
						CreatedOnToolsVersion = 13.4.1;
					};
				};
			};
			buildConfigurationList = FC1BBF0428A9432400A0FB3F /* Build configuration list for PBXProject "NetworkServiceSwiftUI" */;
			compatibilityVersion = "Xcode 13.0";
			developmentRegion = en;
			hasScannedForEncodings = 0;
			knownRegions = (
				en,
				Base,
			);
			mainGroup = FC1BBF0028A9432400A0FB3F;
			productRefGroup = FC1BBF0A28A9432400A0FB3F /* Products */;
			projectDirPath = "";
			projectRoot = "";
			targets = (
				FC1BBF0828A9432400A0FB3F /* NetworkServiceSwiftUI */,
			);
		};
/* End PBXProject section */

/* Begin PBXResourcesBuildPhase section */
		FC1BBF0728A9432400A0FB3F /* Resources */ = {
			isa = PBXResourcesBuildPhase;
			buildActionMask = 2147483647;
			files = (
				FC1BBF1428A9432C00A0FB3F /* Preview Assets.xcassets in Resources */,
				FC1BBF1128A9432C00A0FB3F /* Assets.xcassets in Resources */,
			);
			runOnlyForDeploymentPostprocessing = 0;
		};
/* End PBXResourcesBuildPhase section */

/* Begin PBXSourcesBuildPhase section */
		FC1BBF0528A9432400A0FB3F /* Sources */ = {
			isa = PBXSourcesBuildPhase;
			buildActionMask = 2147483647;
			files = (
				FC1BBF0F28A9432400A0FB3F /* ContentView.swift in Sources */,
				FC1BBF0D28A9432400A0FB3F /* NetworkServiceSwiftUIApp.swift in Sources */,
				FC1BBF2028A9443600A0FB3F /* UserModel.swift in Sources */,
				FC1BBF2228A9447400A0FB3F /* UserViewModel.swift in Sources */,
				FC1BBF1E28A9437200A0FB3F /* Webservice.swift in Sources */,
				FC1BBF2528A9475800A0FB3F /* Constants.swift in Sources */,
			);
			runOnlyForDeploymentPostprocessing = 0;
		};
/* End PBXSourcesBuildPhase section */

/* Begin XCBuildConfiguration section */
		FC1BBF1528A9432C00A0FB3F /* Debug */ = {
			isa = XCBuildConfiguration;
			buildSettings = {
				ALWAYS_SEARCH_USER_PATHS = NO;
				CLANG_ANALYZER_NONNULL = YES;
				CLANG_ANALYZER_NUMBER_OBJECT_CONVERSION = YES_AGGRESSIVE;
				CLANG_CXX_LANGUAGE_STANDARD = "gnu++17";
				CLANG_ENABLE_MODULES = YES;
				CLANG_ENABLE_OBJC_ARC = YES;
				CLANG_ENABLE_OBJC_WEAK = YES;
				CLANG_WARN_BLOCK_CAPTURE_AUTORELEASING = YES;
				CLANG_WARN_BOOL_CONVERSION = YES;
				CLANG_WARN_COMMA = YES;
				CLANG_WARN_CONSTANT_CONVERSION = YES;
				CLANG_WARN_DEPRECATED_OBJC_IMPLEMENTATIONS = YES;
				CLANG_WARN_DIRECT_OBJC_ISA_USAGE = YES_ERROR;
				CLANG_WARN_DOCUMENTATION_COMMENTS = YES;
				CLANG_WARN_EMPTY_BODY = YES;
				CLANG_WARN_ENUM_CONVERSION = YES;
				CLANG_WARN_INFINITE_RECURSION = YES;
				CLANG_WARN_INT_CONVERSION = YES;
				CLANG_WARN_NON_LITERAL_NULL_CONVERSION = YES;
				CLANG_WARN_OBJC_IMPLICIT_RETAIN_SELF = YES;
				CLANG_WARN_OBJC_LITERAL_CONVERSION = YES;
				CLANG_WARN_OBJC_ROOT_CLASS = YES_ERROR;
				CLANG_WARN_QUOTED_INCLUDE_IN_FRAMEWORK_HEADER = YES;
				CLANG_WARN_RANGE_LOOP_ANALYSIS = YES;
				CLANG_WARN_STRICT_PROTOTYPES = YES;
				CLANG_WARN_SUSPICIOUS_MOVE = YES;
				CLANG_WARN_UNGUARDED_AVAILABILITY = YES_AGGRESSIVE;
				CLANG_WARN_UNREACHABLE_CODE = YES;
				CLANG_WARN__DUPLICATE_METHOD_MATCH = YES;
				COPY_PHASE_STRIP = NO;
				DEBUG_INFORMATION_FORMAT = dwarf;
				ENABLE_STRICT_OBJC_MSGSEND = YES;
				ENABLE_TESTABILITY = YES;
				GCC_C_LANGUAGE_STANDARD = gnu11;
				GCC_DYNAMIC_NO_PIC = NO;
				GCC_NO_COMMON_BLOCKS = YES;
				GCC_OPTIMIZATION_LEVEL = 0;
				GCC_PREPROCESSOR_DEFINITIONS = (
					"DEBUG=1",
					"$(inherited)",
				);
				GCC_WARN_64_TO_32_BIT_CONVERSION = YES;
				GCC_WARN_ABOUT_RETURN_TYPE = YES_ERROR;
				GCC_WARN_UNDECLARED_SELECTOR = YES;
				GCC_WARN_UNINITIALIZED_AUTOS = YES_AGGRESSIVE;
				GCC_WARN_UNUSED_FUNCTION = YES;
				GCC_WARN_UNUSED_VARIABLE = YES;
				IPHONEOS_DEPLOYMENT_TARGET = 15.5;
				MTL_ENABLE_DEBUG_INFO = INCLUDE_SOURCE;
				MTL_FAST_MATH = YES;
				ONLY_ACTIVE_ARCH = YES;
				SDKROOT = iphoneos;
				SWIFT_ACTIVE_COMPILATION_CONDITIONS = DEBUG;
				SWIFT_OPTIMIZATION_LEVEL = "-Onone";
			};
			name = Debug;
		};
		FC1BBF1628A9432C00A0FB3F /* Release */ = {
			isa = XCBuildConfiguration;
			buildSettings = {
				ALWAYS_SEARCH_USER_PATHS = NO;
				CLANG_ANALYZER_NONNULL = YES;
				CLANG_ANALYZER_NUMBER_OBJECT_CONVERSION = YES_AGGRESSIVE;
				CLANG_CXX_LANGUAGE_STANDARD = "gnu++17";
				CLANG_ENABLE_MODULES = YES;
				CLANG_ENABLE_OBJC_ARC = YES;
				CLANG_ENABLE_OBJC_WEAK = YES;
				CLANG_WARN_BLOCK_CAPTURE_AUTORELEASING = YES;
				CLANG_WARN_BOOL_CONVERSION = YES;
				CLANG_WARN_COMMA = YES;
				CLANG_WARN_CONSTANT_CONVERSION = YES;
				CLANG_WARN_DEPRECATED_OBJC_IMPLEMENTATIONS = YES;
				CLANG_WARN_DIRECT_OBJC_ISA_USAGE = YES_ERROR;
				CLANG_WARN_DOCUMENTATION_COMMENTS = YES;
				CLANG_WARN_EMPTY_BODY = YES;
				CLANG_WARN_ENUM_CONVERSION = YES;
				CLANG_WARN_INFINITE_RECURSION = YES;
				CLANG_WARN_INT_CONVERSION = YES;
				CLANG_WARN_NON_LITERAL_NULL_CONVERSION = YES;
				CLANG_WARN_OBJC_IMPLICIT_RETAIN_SELF = YES;
				CLANG_WARN_OBJC_LITERAL_CONVERSION = YES;
				CLANG_WARN_OBJC_ROOT_CLASS = YES_ERROR;
				CLANG_WARN_QUOTED_INCLUDE_IN_FRAMEWORK_HEADER = YES;
				CLANG_WARN_RANGE_LOOP_ANALYSIS = YES;
				CLANG_WARN_STRICT_PROTOTYPES = YES;
				CLANG_WARN_SUSPICIOUS_MOVE = YES;
				CLANG_WARN_UNGUARDED_AVAILABILITY = YES_AGGRESSIVE;
				CLANG_WARN_UNREACHABLE_CODE = YES;
				CLANG_WARN__DUPLICATE_METHOD_MATCH = YES;
				COPY_PHASE_STRIP = NO;
				DEBUG_INFORMATION_FORMAT = "dwarf-with-dsym";
				ENABLE_NS_ASSERTIONS = NO;
				ENABLE_STRICT_OBJC_MSGSEND = YES;
				GCC_C_LANGUAGE_STANDARD = gnu11;
				GCC_NO_COMMON_BLOCKS = YES;
				GCC_WARN_64_TO_32_BIT_CONVERSION = YES;
				GCC_WARN_ABOUT_RETURN_TYPE = YES_ERROR;
				GCC_WARN_UNDECLARED_SELECTOR = YES;
				GCC_WARN_UNINITIALIZED_AUTOS = YES_AGGRESSIVE;
				GCC_WARN_UNUSED_FUNCTION = YES;
				GCC_WARN_UNUSED_VARIABLE = YES;
				IPHONEOS_DEPLOYMENT_TARGET = 15.5;
				MTL_ENABLE_DEBUG_INFO = NO;
				MTL_FAST_MATH = YES;
				SDKROOT = iphoneos;
				SWIFT_COMPILATION_MODE = wholemodule;
				SWIFT_OPTIMIZATION_LEVEL = "-O";
				VALIDATE_PRODUCT = YES;
			};
			name = Release;
		};
		FC1BBF1828A9432C00A0FB3F /* Debug */ = {
			isa = XCBuildConfiguration;
			buildSettings = {
				ASSETCATALOG_COMPILER_APPICON_NAME = AppIcon;
				ASSETCATALOG_COMPILER_GLOBAL_ACCENT_COLOR_NAME = AccentColor;
				CODE_SIGN_STYLE = Automatic;
				CURRENT_PROJECT_VERSION = 1;
				DEVELOPMENT_ASSET_PATHS = "\"NetworkServiceSwiftUI/Preview Content\"";
				DEVELOPMENT_TEAM = 7SH627DBA4;
				ENABLE_PREVIEWS = YES;
				GENERATE_INFOPLIST_FILE = YES;
				INFOPLIST_KEY_UIApplicationSceneManifest_Generation = YES;
				INFOPLIST_KEY_UIApplicationSupportsIndirectInputEvents = YES;
				INFOPLIST_KEY_UILaunchScreen_Generation = YES;
				INFOPLIST_KEY_UISupportedInterfaceOrientations_iPad = "UIInterfaceOrientationPortrait UIInterfaceOrientationPortraitUpsideDown UIInterfaceOrientationLandscapeLeft UIInterfaceOrientationLandscapeRight";
				INFOPLIST_KEY_UISupportedInterfaceOrientations_iPhone = "UIInterfaceOrientationPortrait UIInterfaceOrientationLandscapeLeft UIInterfaceOrientationLandscapeRight";
				LD_RUNPATH_SEARCH_PATHS = (
					"$(inherited)",
					"@executable_path/Frameworks",
				);
				MARKETING_VERSION = 1.0;
				PRODUCT_BUNDLE_IDENTIFIER = com.atilsamancioglu.NetworkServiceSwiftUI;
				PRODUCT_NAME = "$(TARGET_NAME)";
				SWIFT_EMIT_LOC_STRINGS = YES;
				SWIFT_VERSION = 5.0;
				TARGETED_DEVICE_FAMILY = "1,2";
			};
			name = Debug;
		};
		FC1BBF1928A9432C00A0FB3F /* Release */ = {
			isa = XCBuildConfiguration;
			buildSettings = {
				ASSETCATALOG_COMPILER_APPICON_NAME = AppIcon;
				ASSETCATALOG_COMPILER_GLOBAL_ACCENT_COLOR_NAME = AccentColor;
				CODE_SIGN_STYLE = Automatic;
				CURRENT_PROJECT_VERSION = 1;
				DEVELOPMENT_ASSET_PATHS = "\"NetworkServiceSwiftUI/Preview Content\"";
				DEVELOPMENT_TEAM = 7SH627DBA4;
				ENABLE_PREVIEWS = YES;
				GENERATE_INFOPLIST_FILE = YES;
				INFOPLIST_KEY_UIApplicationSceneManifest_Generation = YES;
				INFOPLIST_KEY_UIApplicationSupportsIndirectInputEvents = YES;
				INFOPLIST_KEY_UILaunchScreen_Generation = YES;
				INFOPLIST_KEY_UISupportedInterfaceOrientations_iPad = "UIInterfaceOrientationPortrait UIInterfaceOrientationPortraitUpsideDown UIInterfaceOrientationLandscapeLeft UIInterfaceOrientationLandscapeRight";
				INFOPLIST_KEY_UISupportedInterfaceOrientations_iPhone = "UIInterfaceOrientationPortrait UIInterfaceOrientationLandscapeLeft UIInterfaceOrientationLandscapeRight";
				LD_RUNPATH_SEARCH_PATHS = (
					"$(inherited)",
					"@executable_path/Frameworks",
				);
				MARKETING_VERSION = 1.0;
				PRODUCT_BUNDLE_IDENTIFIER = com.atilsamancioglu.NetworkServiceSwiftUI;
				PRODUCT_NAME = "$(TARGET_NAME)";
				SWIFT_EMIT_LOC_STRINGS = YES;
				SWIFT_VERSION = 5.0;
				TARGETED_DEVICE_FAMILY = "1,2";
			};
			name = Release;
		};
/* End XCBuildConfiguration section */

/* Begin XCConfigurationList section */
		FC1BBF0428A9432400A0FB3F /* Build configuration list for PBXProject "NetworkServiceSwiftUI" */ = {
			isa = XCConfigurationList;
			buildConfigurations = (
				FC1BBF1528A9432C00A0FB3F /* Debug */,
				FC1BBF1628A9432C00A0FB3F /* Release */,
			);
			defaultConfigurationIsVisible = 0;
			defaultConfigurationName = Release;
		};
		FC1BBF1728A9432C00A0FB3F /* Build configuration list for PBXNativeTarget "NetworkServiceSwiftUI" */ = {
			isa = XCConfigurationList;
			buildConfigurations = (
				FC1BBF1828A9432C00A0FB3F /* Debug */,
				FC1BBF1928A9432C00A0FB3F /* Release */,
			);
			defaultConfigurationIsVisible = 0;
			defaultConfigurationName = Release;
		};
/* End XCConfigurationList section */
	};
	rootObject = FC1BBF0128A9432400A0FB3F /* Project object */;
}
